<?xml version="1.0" encoding="utf-8"?>
<Project ToolsVersion="4.0" xmlns="http://schemas.microsoft.com/developer/msbuild/2003">
  <ItemGroup>
    <Filter Include="CppSource">
      <UniqueIdentifier>{d41b07db-b45d-4cad-baec-bd580aad0e0b}</UniqueIdentifier>
    </Filter>
    <Filter Include="AndroidApk">
      <UniqueIdentifier>{b7023c98-8eed-4d81-a222-a09c24068b31}</UniqueIdentifier>
    </Filter>
    <Filter Include="AndroidApk\JavaSource">
      <UniqueIdentifier>{942f2517-60a1-4e35-be41-ab03c5da1860}</UniqueIdentifier>
    </Filter>
    <Filter Include="CppSource\hsrl">
      <UniqueIdentifier>{b60de722-658a-49c6-98bb-b2beb4add677}</UniqueIdentifier>
    </Filter>
    <Filter Include="CppSource\libs">
      <UniqueIdentifier>{f3cac59b-5bea-4e06-96cf-b0d6c6521433}</UniqueIdentifier>
    </Filter>
  </ItemGroup>
  <ItemGroup>
    <None Include="AndroidApk\AndroidManifest.xml">
      <Filter>AndroidApk</Filter>
    </None>
    <None Include="AndroidApk\build.xml">
      <Filter>AndroidApk</Filter>
    </None>
    <None Include="AndroidApk\res\values\strings.xml">
      <Filter>AndroidApk</Filter>
    </None>
    <None Include="AndroidApk\project.properties">
      <Filter>AndroidApk</Filter>
    </None>
  </ItemGroup>
  <ItemGroup>
    <ClCompile Include="..\hello-gl2\CppSource\hsrl\SpaceHolder.cpp">
      <Filter>CppSource\hsrl</Filter>
    </ClCompile>
    <ClCompile Include="..\hello-gl2\CppSource\hsrl\tools.cpp">
      <Filter>CppSource\hsrl</Filter>
    </ClCompile>
    <ClCompile Include="CppSource\mainEntry.cpp">
      <Filter>CppSource</Filter>
    </ClCompile>
    <ClCompile Include="CppSource\libs\cpufeatures\cpu-features.c">
      <Filter>CppSource\libs</Filter>
    </ClCompile>
    <ClCompile Include="CppSource\libs\native_app_glue\android_native_app_glue.c">
      <Filter>CppSource\libs</Filter>
    </ClCompile>
    <ClCompile Include="CppSource\libs\ndk_helper\gestureDetector.cpp">
      <Filter>CppSource\libs</Filter>
    </ClCompile>
    <ClCompile Include="CppSource\libs\ndk_helper\gl3stub.c">
      <Filter>CppSource\libs</Filter>
    </ClCompile>
    <ClCompile Include="CppSource\libs\ndk_helper\GLContext.cpp">
      <Filter>CppSource\libs</Filter>
    </ClCompile>
    <ClCompile Include="CppSource\libs\ndk_helper\interpolator.cpp">
      <Filter>CppSource\libs</Filter>
    </ClCompile>
    <ClCompile Include="CppSource\libs\ndk_helper\JNIHelper.cpp">
      <Filter>CppSource\libs</Filter>
    </ClCompile>
    <ClCompile Include="CppSource\libs\ndk_helper\perfMonitor.cpp">
      <Filter>CppSource\libs</Filter>
    </ClCompile>
    <ClCompile Include="CppSource\libs\ndk_helper\shader.cpp">
      <Filter>CppSource\libs</Filter>
    </ClCompile>
    <ClCompile Include="CppSource\libs\ndk_helper\tapCamera.cpp">
      <Filter>CppSource\libs</Filter>
    </ClCompile>
    <ClCompile Include="CppSource\libs\ndk_helper\vecmath.cpp">
      <Filter>CppSource\libs</Filter>
    </ClCompile>
  </ItemGroup>
  <ItemGroup>
    <ClInclude Include="..\hello-gl2\CppSource\hsrl\SpaceHolder.hpp">
      <Filter>CppSource\hsrl</Filter>
    </ClInclude>
    <ClInclude Include="..\hello-gl2\CppSource\hsrl\tools.h">
      <Filter>CppSource\hsrl</Filter>
    </ClInclude>
    <ClInclude Include="CppSource\libs\cpufeatures\cpu-features.h">
      <Filter>CppSource\libs</Filter>
    </ClInclude>
    <ClInclude Include="CppSource\libs\native_app_glue\android_native_app_glue.h">
      <Filter>CppSource\libs</Filter>
    </ClInclude>
    <ClInclude Include="CppSource\libs\ndk_helper\gestureDetector.h">
      <Filter>CppSource\libs</Filter>
    </ClInclude>
    <ClInclude Include="CppSource\libs\ndk_helper\gl3stub.h">
      <Filter>CppSource\libs</Filter>
    </ClInclude>
    <ClInclude Include="CppSource\libs\ndk_helper\GLContext.h">
      <Filter>CppSource\libs</Filter>
    </ClInclude>
    <ClInclude Include="CppSource\libs\ndk_helper\interpolator.h">
      <Filter>CppSource\libs</Filter>
    </ClInclude>
    <ClInclude Include="CppSource\libs\ndk_helper\JNIHelper.h">
      <Filter>CppSource\libs</Filter>
    </ClInclude>
    <ClInclude Include="CppSource\libs\ndk_helper\NDKHelper.h">
      <Filter>CppSource\libs</Filter>
    </ClInclude>
    <ClInclude Include="CppSource\libs\ndk_helper\perfMonitor.h">
      <Filter>CppSource\libs</Filter>
    </ClInclude>
    <ClInclude Include="CppSource\libs\ndk_helper\shader.h">
      <Filter>CppSource\libs</Filter>
    </ClInclude>
    <ClInclude Include="CppSource\libs\ndk_helper\tapCamera.h">
      <Filter>CppSource\libs</Filter>
    </ClInclude>
    <ClInclude Include="CppSource\libs\ndk_helper\vecmath.h">
      <Filter>CppSource\libs</Filter>
    </ClInclude>
  </ItemGroup>
</Project>