<?xml version="1.0" encoding="UTF-8" standalone="yes" ?>
<CodeBlocks_project_file>
	<FileVersion major="1" minor="6" />
	<Project>
		<Option title="cppdatacore" />
		<Option pch_mode="2" />
		<Option compiler="gcc" />
		<Build>
			<Target title="Debug">
				<Option output="bin/Debug/cppdatacore" prefix_auto="1" extension_auto="1" />
				<Option object_output="obj/Debug/" />
				<Option type="1" />
				<Option compiler="gcc" />
				<Compiler>
					<Add option="-g" />
				</Compiler>
			</Target>
			<Target title="Release">
				<Option output="bin/Release/cppdatacore" prefix_auto="1" extension_auto="1" />
				<Option object_output="obj/Release/" />
				<Option type="1" />
				<Option compiler="gcc" />
				<Compiler>
					<Add option="-O2" />
				</Compiler>
				<Linker>
					<Add option="-s" />
				</Linker>
			</Target>
		</Build>
		<Compiler>
			<Add option="-Wall" />
			<Add option="-fexceptions" />
		</Compiler>
		<Unit filename="data_core/JSNumber.cpp" />
		<Unit filename="data_core/JSNumber.h" />
		<Unit filename="data_core/JSON.cpp" />
		<Unit filename="data_core/JSON.h" />
		<Unit filename="data_core/base/HashTable.cpp" />
		<Unit filename="data_core/base/HashTable.h" />
		<Unit filename="data_core/base/JSObject.cpp" />
		<Unit filename="data_core/base/JSObject.h" />
		<Unit filename="data_core/base/List.cpp" />
		<Unit filename="data_core/base/List.h" />
		<Unit filename="data_core/base/MemoryManagement.cpp" />
		<Unit filename="data_core/base/MemoryManagement.h" />
		<Unit filename="main.cpp" />
		<Unit filename="test.cpp" />
		<Unit filename="test.h" />
		<Extensions>
			<code_completion />
			<envvars />
			<debugger />
		</Extensions>
	</Project>
</CodeBlocks_project_file>
