<?xml version="1.0" encoding="utf-8"?>
<Project ToolsVersion="4.0" xmlns="http://schemas.microsoft.com/developer/msbuild/2003">
  <ItemGroup>
    <Filter Include="源文件">
      <UniqueIdentifier>{4FC737F1-C7A5-4376-A066-2A32D752A2FF}</UniqueIdentifier>
      <Extensions>cpp;c;cc;cxx;def;odl;idl;hpj;bat;asm;asmx</Extensions>
    </Filter>
    <Filter Include="头文件">
      <UniqueIdentifier>{93995380-89BD-4b04-88EB-625FBE52EBFB}</UniqueIdentifier>
      <Extensions>h;hh;hpp;hxx;hm;inl;inc;xsd</Extensions>
    </Filter>
    <Filter Include="资源文件">
      <UniqueIdentifier>{67DA6AB6-F800-4c08-8B7A-83BB121AAD01}</UniqueIdentifier>
      <Extensions>rc;ico;cur;bmp;dlg;rc2;rct;bin;rgs;gif;jpg;jpeg;jpe;resx;tiff;tif;png;wav;mfcribbon-ms</Extensions>
    </Filter>
    <Filter Include="头文件\data_core">
      <UniqueIdentifier>{4502998b-39ca-4044-857e-5974c59fca01}</UniqueIdentifier>
    </Filter>
    <Filter Include="头文件\data_core\base">
      <UniqueIdentifier>{1d54c417-bc3a-42d4-b583-184171abf00c}</UniqueIdentifier>
    </Filter>
    <Filter Include="头文件\swift">
      <UniqueIdentifier>{e9751e6f-d5ec-47ad-90e7-2a35529b31e8}</UniqueIdentifier>
    </Filter>
    <Filter Include="头文件\swift\FunctionsClosures">
      <UniqueIdentifier>{4746c22c-b717-4730-a1cf-958143c1925f}</UniqueIdentifier>
    </Filter>
    <Filter Include="源文件\data_core">
      <UniqueIdentifier>{b7622750-e6d8-4433-9466-2b2dd7b2b733}</UniqueIdentifier>
    </Filter>
    <Filter Include="源文件\data_core\base">
      <UniqueIdentifier>{2c42b2e5-5243-43df-af80-53eaa2967d1e}</UniqueIdentifier>
    </Filter>
    <Filter Include="源文件\swift">
      <UniqueIdentifier>{e222f274-1b7f-47cd-b50e-b55cab473c3f}</UniqueIdentifier>
    </Filter>
    <Filter Include="源文件\swift\FunctionsClosures">
      <UniqueIdentifier>{0159d6b0-5431-4280-bbb9-4b9933147018}</UniqueIdentifier>
    </Filter>
    <Filter Include="头文件\swift\interface">
      <UniqueIdentifier>{e8b37fe4-1c51-432f-97a5-3d0f953e7e52}</UniqueIdentifier>
    </Filter>
    <Filter Include="源文件\swift\interface">
      <UniqueIdentifier>{97df4e38-61ba-4fd5-87d4-5d47a0763091}</UniqueIdentifier>
    </Filter>
  </ItemGroup>
  <ItemGroup>
    <Text Include="ReadMe.txt" />
  </ItemGroup>
  <ItemGroup>
    <ClInclude Include="stdafx.h">
      <Filter>头文件</Filter>
    </ClInclude>
    <ClInclude Include="targetver.h">
      <Filter>头文件</Filter>
    </ClInclude>
    <ClInclude Include="test.h">
      <Filter>头文件</Filter>
    </ClInclude>
    <ClInclude Include="data_core\JSKeyValue.h">
      <Filter>头文件\data_core</Filter>
    </ClInclude>
    <ClInclude Include="data_core\JSNumber.h">
      <Filter>头文件\data_core</Filter>
    </ClInclude>
    <ClInclude Include="data_core\JSON.h">
      <Filter>头文件\data_core</Filter>
    </ClInclude>
    <ClInclude Include="data_core\JSString.h">
      <Filter>头文件\data_core</Filter>
    </ClInclude>
    <ClInclude Include="data_core\base\HashTable.h">
      <Filter>头文件\data_core\base</Filter>
    </ClInclude>
    <ClInclude Include="data_core\base\JSObject.h">
      <Filter>头文件\data_core\base</Filter>
    </ClInclude>
    <ClInclude Include="data_core\base\MemoryManagement.h">
      <Filter>头文件\data_core\base</Filter>
    </ClInclude>
    <ClInclude Include="data_core\base\List.h">
      <Filter>头文件\data_core\base</Filter>
    </ClInclude>
    <ClInclude Include="swift\FunctionsClosures\Closure.h">
      <Filter>头文件\swift\FunctionsClosures</Filter>
    </ClInclude>
    <ClInclude Include="data_core\JSInstance.h">
      <Filter>头文件\data_core</Filter>
    </ClInclude>
    <ClInclude Include="swift\interpret_main.h">
      <Filter>头文件\swift</Filter>
    </ClInclude>
    <ClInclude Include="swift\interface\log.h">
      <Filter>头文件\swift\interface</Filter>
    </ClInclude>
    <ClInclude Include="data_core\data_core.h">
      <Filter>头文件\data_core</Filter>
    </ClInclude>
  </ItemGroup>
  <ItemGroup>
    <ClCompile Include="stdafx.cpp">
      <Filter>源文件</Filter>
    </ClCompile>
    <ClCompile Include="ConsoleApplication1.cpp">
      <Filter>源文件</Filter>
    </ClCompile>
    <ClCompile Include="test.cpp">
      <Filter>源文件</Filter>
    </ClCompile>
    <ClCompile Include="data_core\JSKeyValue.cpp">
      <Filter>源文件\data_core</Filter>
    </ClCompile>
    <ClCompile Include="data_core\JSNumber.cpp">
      <Filter>源文件\data_core</Filter>
    </ClCompile>
    <ClCompile Include="data_core\JSON.cpp">
      <Filter>源文件\data_core</Filter>
    </ClCompile>
    <ClCompile Include="data_core\JSString.cpp">
      <Filter>源文件\data_core</Filter>
    </ClCompile>
    <ClCompile Include="data_core\base\List.cpp">
      <Filter>源文件\data_core\base</Filter>
    </ClCompile>
    <ClCompile Include="data_core\base\HashTable.cpp">
      <Filter>源文件\data_core\base</Filter>
    </ClCompile>
    <ClCompile Include="data_core\base\MemoryManagement.cpp">
      <Filter>源文件\data_core\base</Filter>
    </ClCompile>
    <ClCompile Include="data_core\base\JSObject.cpp">
      <Filter>源文件\data_core\base</Filter>
    </ClCompile>
    <ClCompile Include="swift\FunctionsClosures\Closure.cpp">
      <Filter>源文件\swift\FunctionsClosures</Filter>
    </ClCompile>
    <ClCompile Include="data_core\JSInstance.cpp">
      <Filter>源文件\data_core</Filter>
    </ClCompile>
    <ClCompile Include="swift\interpret_main.cpp">
      <Filter>源文件\swift</Filter>
    </ClCompile>
    <ClCompile Include="swift\interface\log.cpp">
      <Filter>源文件\swift\interface</Filter>
    </ClCompile>
  </ItemGroup>
</Project>