<?xml version="1.0" encoding="utf-8"?>
<Project ToolsVersion="4.0" xmlns="http://schemas.microsoft.com/developer/msbuild/2003">
  <ItemGroup>
    <Filter Include="源文件">
      <UniqueIdentifier>{4FC737F1-C7A5-4376-A066-2A32D752A2FF}</UniqueIdentifier>
      <Extensions>cpp;c;cc;cxx;def;odl;idl;hpj;bat;asm;asmx</Extensions>
    </Filter>
    <Filter Include="头文件">
      <UniqueIdentifier>{93995380-89BD-4b04-88EB-625FBE52EBFB}</UniqueIdentifier>
      <Extensions>h;hh;hpp;hxx;hm;inl;inc;xsd</Extensions>
    </Filter>
    <Filter Include="资源文件">
      <UniqueIdentifier>{67DA6AB6-F800-4c08-8B7A-83BB121AAD01}</UniqueIdentifier>
      <Extensions>rc;ico;cur;bmp;dlg;rc2;rct;bin;rgs;gif;jpg;jpeg;jpe;resx;tiff;tif;png;wav;mfcribbon-ms</Extensions>
    </Filter>
    <Filter Include="头文件\data_core">
      <UniqueIdentifier>{4502998b-39ca-4044-857e-5974c59fca01}</UniqueIdentifier>
    </Filter>
    <Filter Include="头文件\data_core\base">
      <UniqueIdentifier>{1d54c417-bc3a-42d4-b583-184171abf00c}</UniqueIdentifier>
    </Filter>
    <Filter Include="头文件\swift">
      <UniqueIdentifier>{e9751e6f-d5ec-47ad-90e7-2a35529b31e8}</UniqueIdentifier>
    </Filter>
    <Filter Include="头文件\swift\FunctionsClosures">
      <UniqueIdentifier>{4746c22c-b717-4730-a1cf-958143c1925f}</UniqueIdentifier>
    </Filter>
    <Filter Include="源文件\data_core">
      <UniqueIdentifier>{b7622750-e6d8-4433-9466-2b2dd7b2b733}</UniqueIdentifier>
    </Filter>
    <Filter Include="源文件\data_core\base">
      <UniqueIdentifier>{2c42b2e5-5243-43df-af80-53eaa2967d1e}</UniqueIdentifier>
    </Filter>
    <Filter Include="源文件\swift">
      <UniqueIdentifier>{e222f274-1b7f-47cd-b50e-b55cab473c3f}</UniqueIdentifier>
    </Filter>
    <Filter Include="源文件\swift\FunctionsClosures">
      <UniqueIdentifier>{0159d6b0-5431-4280-bbb9-4b9933147018}</UniqueIdentifier>
    </Filter>
    <Filter Include="头文件\swift\interface">
      <UniqueIdentifier>{e8b37fe4-1c51-432f-97a5-3d0f953e7e52}</UniqueIdentifier>
    </Filter>
    <Filter Include="源文件\swift\interface">
      <UniqueIdentifier>{97df4e38-61ba-4fd5-87d4-5d47a0763091}</UniqueIdentifier>
    </Filter>
    <Filter Include="源文件\swift\SimpleValues">
      <UniqueIdentifier>{839d27ae-eb16-45e5-a38d-33e7805b4198}</UniqueIdentifier>
    </Filter>
    <Filter Include="头文件\swift\SimpleValues">
      <UniqueIdentifier>{3f6ab3b8-7db4-4fe9-9331-bf0fd20bf707}</UniqueIdentifier>
    </Filter>
    <Filter Include="头文件\thrift_server">
      <UniqueIdentifier>{ed0871d0-43a6-43f8-a940-04bc8998630f}</UniqueIdentifier>
    </Filter>
    <Filter Include="源文件\thrift_server">
      <UniqueIdentifier>{fb6e89db-aab2-4ed3-9108-5c6748fded48}</UniqueIdentifier>
    </Filter>
    <Filter Include="头文件\thrift_server\thrift">
      <UniqueIdentifier>{852b09b4-79fc-4374-b7f2-56c38bd5160b}</UniqueIdentifier>
    </Filter>
    <Filter Include="源文件\thrift_server\thrift">
      <UniqueIdentifier>{d5136902-87a8-42a2-a4ba-cc70c84c8d02}</UniqueIdentifier>
    </Filter>
    <Filter Include="头文件\thrift_server\thrift\async">
      <UniqueIdentifier>{4888fbac-3e61-4416-a775-d850fc12b690}</UniqueIdentifier>
    </Filter>
    <Filter Include="头文件\thrift_server\thrift\concurrency">
      <UniqueIdentifier>{c8296c73-b8eb-49c4-9df2-45a191e3fb2c}</UniqueIdentifier>
    </Filter>
    <Filter Include="头文件\thrift_server\thrift\processor">
      <UniqueIdentifier>{1479b795-b019-484f-bbfd-d9153deaf6fa}</UniqueIdentifier>
    </Filter>
    <Filter Include="头文件\thrift_server\thrift\protocal">
      <UniqueIdentifier>{ca5f79b1-4b11-4207-877c-be209cc31f13}</UniqueIdentifier>
    </Filter>
    <Filter Include="头文件\thrift_server\thrift\server">
      <UniqueIdentifier>{645e150f-efbd-4b43-b591-d076b611943a}</UniqueIdentifier>
    </Filter>
    <Filter Include="头文件\thrift_server\thrift\transport">
      <UniqueIdentifier>{3a0fd481-688a-42ed-a120-510e5793b05d}</UniqueIdentifier>
    </Filter>
    <Filter Include="头文件\thrift_server\thrift\windows">
      <UniqueIdentifier>{933f6476-a238-4a78-9e54-e260612bef0f}</UniqueIdentifier>
    </Filter>
    <Filter Include="源文件\thrift_server\thrift\async">
      <UniqueIdentifier>{f18a5045-4b25-488d-9781-36b33fd31bb1}</UniqueIdentifier>
    </Filter>
    <Filter Include="源文件\thrift_server\thrift\concurrency">
      <UniqueIdentifier>{07af0d64-063f-4077-882e-fd18efe662c5}</UniqueIdentifier>
    </Filter>
    <Filter Include="源文件\thrift_server\thrift\processor">
      <UniqueIdentifier>{37ac1b3a-d2e1-47b9-8029-ffd69e44397a}</UniqueIdentifier>
    </Filter>
    <Filter Include="源文件\thrift_server\thrift\protocal">
      <UniqueIdentifier>{0056849b-c562-407c-a0eb-5bae715c9744}</UniqueIdentifier>
    </Filter>
    <Filter Include="源文件\thrift_server\thrift\server">
      <UniqueIdentifier>{60bc53a1-c4fb-468e-9101-c1426336a7ba}</UniqueIdentifier>
    </Filter>
    <Filter Include="源文件\thrift_server\thrift\transport">
      <UniqueIdentifier>{e1de30ca-5391-4ca7-b27c-14e964a3bb31}</UniqueIdentifier>
    </Filter>
    <Filter Include="源文件\thrift_server\thrift\windows">
      <UniqueIdentifier>{6d0ba356-59d4-44d2-8060-90d4b4c0194c}</UniqueIdentifier>
    </Filter>
    <Filter Include="头文件\thrift_server\thrift\transport\websocket">
      <UniqueIdentifier>{a273d60c-db6a-405b-9342-6826c815aca2}</UniqueIdentifier>
    </Filter>
    <Filter Include="源文件\thrift_server\thrift\transport\websocket">
      <UniqueIdentifier>{1dd0916f-8d2a-4449-911f-88899dd46ecc}</UniqueIdentifier>
    </Filter>
    <Filter Include="源文件\thrift_server\thrift\transport\websocket\sha">
      <UniqueIdentifier>{c19efa1b-e1b4-4d98-a80c-5cb974ecfef4}</UniqueIdentifier>
    </Filter>
  </ItemGroup>
  <ItemGroup>
    <Text Include="ReadMe.txt" />
  </ItemGroup>
  <ItemGroup>
    <ClInclude Include="stdafx.h">
      <Filter>头文件</Filter>
    </ClInclude>
    <ClInclude Include="targetver.h">
      <Filter>头文件</Filter>
    </ClInclude>
    <ClInclude Include="test.h">
      <Filter>头文件</Filter>
    </ClInclude>
    <ClInclude Include="data_core\JSKeyValue.h">
      <Filter>头文件\data_core</Filter>
    </ClInclude>
    <ClInclude Include="data_core\JSNumber.h">
      <Filter>头文件\data_core</Filter>
    </ClInclude>
    <ClInclude Include="data_core\JSON.h">
      <Filter>头文件\data_core</Filter>
    </ClInclude>
    <ClInclude Include="data_core\JSString.h">
      <Filter>头文件\data_core</Filter>
    </ClInclude>
    <ClInclude Include="data_core\base\HashTable.h">
      <Filter>头文件\data_core\base</Filter>
    </ClInclude>
    <ClInclude Include="data_core\base\JSObject.h">
      <Filter>头文件\data_core\base</Filter>
    </ClInclude>
    <ClInclude Include="data_core\base\MemoryManagement.h">
      <Filter>头文件\data_core\base</Filter>
    </ClInclude>
    <ClInclude Include="data_core\base\List.h">
      <Filter>头文件\data_core\base</Filter>
    </ClInclude>
    <ClInclude Include="swift\FunctionsClosures\Closure.h">
      <Filter>头文件\swift\FunctionsClosures</Filter>
    </ClInclude>
    <ClInclude Include="data_core\JSInstance.h">
      <Filter>头文件\data_core</Filter>
    </ClInclude>
    <ClInclude Include="swift\interpret_main.h">
      <Filter>头文件\swift</Filter>
    </ClInclude>
    <ClInclude Include="swift\interface\log.h">
      <Filter>头文件\swift\interface</Filter>
    </ClInclude>
    <ClInclude Include="data_core\data_core.h">
      <Filter>头文件\data_core</Filter>
    </ClInclude>
    <ClInclude Include="swift\SimpleValues\Assign.h">
      <Filter>头文件\swift\SimpleValues</Filter>
    </ClInclude>
    <ClInclude Include="thrift_server\ShellIface.h">
      <Filter>头文件\thrift_server</Filter>
    </ClInclude>
    <ClInclude Include="thrift_server\Shell.h">
      <Filter>头文件\thrift_server</Filter>
    </ClInclude>
    <ClInclude Include="thrift_server\Shell_constants.h">
      <Filter>头文件\thrift_server</Filter>
    </ClInclude>
    <ClInclude Include="thrift_server\Shell_types.h">
      <Filter>头文件\thrift_server</Filter>
    </ClInclude>
    <ClInclude Include="thrift_server\thrift\async\TAsyncChannel.h">
      <Filter>头文件\thrift_server\thrift\async</Filter>
    </ClInclude>
    <ClInclude Include="thrift_server\thrift\concurrency\StdThreadFactory.h">
      <Filter>头文件\thrift_server\thrift\concurrency</Filter>
    </ClInclude>
    <ClInclude Include="thrift_server\thrift\concurrency\BoostThreadFactory.h">
      <Filter>头文件\thrift_server\thrift\concurrency</Filter>
    </ClInclude>
    <ClInclude Include="thrift_server\thrift\concurrency\Exception.h">
      <Filter>头文件\thrift_server\thrift\concurrency</Filter>
    </ClInclude>
    <ClInclude Include="thrift_server\thrift\concurrency\PlatformThreadFactory.h">
      <Filter>头文件\thrift_server\thrift\concurrency</Filter>
    </ClInclude>
    <ClInclude Include="thrift_server\thrift\processor\PeekProcessor.h">
      <Filter>头文件\thrift_server\thrift\processor</Filter>
    </ClInclude>
    <ClInclude Include="thrift_server\thrift\protocol\TVirtualProtocol.h">
      <Filter>头文件\thrift_server\thrift\protocal</Filter>
    </ClInclude>
    <ClInclude Include="thrift_server\thrift\protocol\TBinaryProtocol.h">
      <Filter>头文件\thrift_server\thrift\protocal</Filter>
    </ClInclude>
    <ClInclude Include="thrift_server\thrift\protocol\TDebugProtocol.h">
      <Filter>头文件\thrift_server\thrift\protocal</Filter>
    </ClInclude>
    <ClInclude Include="thrift_server\thrift\protocol\TDenseProtocol.h">
      <Filter>头文件\thrift_server\thrift\protocal</Filter>
    </ClInclude>
    <ClInclude Include="thrift_server\thrift\protocol\TJSONProtocol.h">
      <Filter>头文件\thrift_server\thrift\protocal</Filter>
    </ClInclude>
    <ClInclude Include="thrift_server\thrift\protocol\TProtocol.h">
      <Filter>头文件\thrift_server\thrift\protocal</Filter>
    </ClInclude>
    <ClInclude Include="thrift_server\thrift\server\TThreadPoolServer.h">
      <Filter>头文件\thrift_server\thrift\server</Filter>
    </ClInclude>
    <ClInclude Include="thrift_server\thrift\server\TServer.h">
      <Filter>头文件\thrift_server\thrift\server</Filter>
    </ClInclude>
    <ClInclude Include="thrift_server\thrift\server\TServerEventHandlerImpl.h">
      <Filter>头文件\thrift_server\thrift\server</Filter>
    </ClInclude>
    <ClInclude Include="thrift_server\thrift\server\TSimpleServer.h">
      <Filter>头文件\thrift_server\thrift\server</Filter>
    </ClInclude>
    <ClInclude Include="thrift_server\thrift\transport\Websocket\WebsocketProtocol.h">
      <Filter>头文件\thrift_server\thrift\transport\websocket</Filter>
    </ClInclude>
    <ClInclude Include="thrift_server\thrift\transport\Websocket\WebsocketDataMessage.h">
      <Filter>头文件\thrift_server\thrift\transport\websocket</Filter>
    </ClInclude>
    <ClInclude Include="thrift_server\thrift\transport\Websocket\WebsocketHandshakeMessage.h">
      <Filter>头文件\thrift_server\thrift\transport\websocket</Filter>
    </ClInclude>
    <ClInclude Include="thrift_server\thrift\transport\Websocket\WebsocketMessage.h">
      <Filter>头文件\thrift_server\thrift\transport\websocket</Filter>
    </ClInclude>
    <ClInclude Include="thrift_server\thrift\transport\TFDTransport.h">
      <Filter>头文件\thrift_server\thrift\transport</Filter>
    </ClInclude>
    <ClInclude Include="thrift_server\thrift\transport\TFileTransport.h">
      <Filter>头文件\thrift_server\thrift\transport</Filter>
    </ClInclude>
    <ClInclude Include="thrift_server\thrift\transport\THttpClient.h">
      <Filter>头文件\thrift_server\thrift\transport</Filter>
    </ClInclude>
    <ClInclude Include="thrift_server\thrift\transport\THttpServer.h">
      <Filter>头文件\thrift_server\thrift\transport</Filter>
    </ClInclude>
    <ClInclude Include="thrift_server\thrift\transport\TServerSocket.h">
      <Filter>头文件\thrift_server\thrift\transport</Filter>
    </ClInclude>
    <ClInclude Include="thrift_server\thrift\transport\TShortReadTransport.h">
      <Filter>头文件\thrift_server\thrift\transport</Filter>
    </ClInclude>
    <ClInclude Include="thrift_server\thrift\transport\TSimpleFileTransport.h">
      <Filter>头文件\thrift_server\thrift\transport</Filter>
    </ClInclude>
    <ClInclude Include="thrift_server\thrift\transport\TSocket.h">
      <Filter>头文件\thrift_server\thrift\transport</Filter>
    </ClInclude>
    <ClInclude Include="thrift_server\thrift\transport\TTransport.h">
      <Filter>头文件\thrift_server\thrift\transport</Filter>
    </ClInclude>
    <ClInclude Include="thrift_server\thrift\transport\TTransportException.h">
      <Filter>头文件\thrift_server\thrift\transport</Filter>
    </ClInclude>
    <ClInclude Include="thrift_server\thrift\transport\TTransportUtils.h">
      <Filter>头文件\thrift_server\thrift\transport</Filter>
    </ClInclude>
    <ClInclude Include="thrift_server\thrift\transport\TVirtualTransport.h">
      <Filter>头文件\thrift_server\thrift\transport</Filter>
    </ClInclude>
    <ClInclude Include="thrift_server\thrift\transport\TWebSocketTransport.h">
      <Filter>头文件\thrift_server\thrift\transport</Filter>
    </ClInclude>
    <ClInclude Include="thrift_server\thrift\transport\TBufferTransports.h">
      <Filter>头文件\thrift_server\thrift\transport</Filter>
    </ClInclude>
    <ClInclude Include="thrift_server\thrift\windows\config.h">
      <Filter>头文件\thrift_server\thrift\windows</Filter>
    </ClInclude>
    <ClInclude Include="thrift_server\thrift\windows\WinFcntl.h">
      <Filter>头文件\thrift_server\thrift\windows</Filter>
    </ClInclude>
    <ClInclude Include="thrift_server\thrift\windows\GetTimeOfDay.h">
      <Filter>头文件\thrift_server\thrift\windows</Filter>
    </ClInclude>
    <ClInclude Include="thrift_server\thrift\windows\Operators.h">
      <Filter>头文件\thrift_server\thrift\windows</Filter>
    </ClInclude>
    <ClInclude Include="thrift_server\thrift\windows\SocketPair.h">
      <Filter>头文件\thrift_server\thrift\windows</Filter>
    </ClInclude>
    <ClInclude Include="thrift_server\thrift\windows\TWinsockSingleton.h">
      <Filter>头文件\thrift_server\thrift\windows</Filter>
    </ClInclude>
    <ClInclude Include="thrift_server\thrift\transport\TPipeServer.h">
      <Filter>头文件\thrift_server\thrift\transport</Filter>
    </ClInclude>
    <ClInclude Include="thrift_server\thrift\transport\TPipe.h">
      <Filter>头文件\thrift_server\thrift\transport</Filter>
    </ClInclude>
    <ClInclude Include="thrift_server\thrift\windows\OverlappedSubmissionThread.h">
      <Filter>头文件\thrift_server\thrift\windows</Filter>
    </ClInclude>
    <ClInclude Include="thrift_server\thrift\TApplicationException.h">
      <Filter>头文件\thrift_server\thrift</Filter>
    </ClInclude>
    <ClInclude Include="thrift_server\thrift\Thrift.h">
      <Filter>头文件\thrift_server\thrift</Filter>
    </ClInclude>
    <ClInclude Include="thrift_server\thrift\TProcessor.h">
      <Filter>头文件\thrift_server\thrift</Filter>
    </ClInclude>
    <ClInclude Include="thrift_server\thrift\concurrency\Util.h">
      <Filter>头文件\thrift_server\thrift\concurrency</Filter>
    </ClInclude>
  </ItemGroup>
  <ItemGroup>
    <ClCompile Include="stdafx.cpp">
      <Filter>源文件</Filter>
    </ClCompile>
    <ClCompile Include="ConsoleApplication1.cpp">
      <Filter>源文件</Filter>
    </ClCompile>
    <ClCompile Include="test.cpp">
      <Filter>源文件</Filter>
    </ClCompile>
    <ClCompile Include="data_core\JSKeyValue.cpp">
      <Filter>源文件\data_core</Filter>
    </ClCompile>
    <ClCompile Include="data_core\JSNumber.cpp">
      <Filter>源文件\data_core</Filter>
    </ClCompile>
    <ClCompile Include="data_core\JSON.cpp">
      <Filter>源文件\data_core</Filter>
    </ClCompile>
    <ClCompile Include="data_core\JSString.cpp">
      <Filter>源文件\data_core</Filter>
    </ClCompile>
    <ClCompile Include="data_core\base\List.cpp">
      <Filter>源文件\data_core\base</Filter>
    </ClCompile>
    <ClCompile Include="data_core\base\HashTable.cpp">
      <Filter>源文件\data_core\base</Filter>
    </ClCompile>
    <ClCompile Include="data_core\base\MemoryManagement.cpp">
      <Filter>源文件\data_core\base</Filter>
    </ClCompile>
    <ClCompile Include="data_core\base\JSObject.cpp">
      <Filter>源文件\data_core\base</Filter>
    </ClCompile>
    <ClCompile Include="swift\FunctionsClosures\Closure.cpp">
      <Filter>源文件\swift\FunctionsClosures</Filter>
    </ClCompile>
    <ClCompile Include="data_core\JSInstance.cpp">
      <Filter>源文件\data_core</Filter>
    </ClCompile>
    <ClCompile Include="swift\interpret_main.cpp">
      <Filter>源文件\swift</Filter>
    </ClCompile>
    <ClCompile Include="swift\interface\log.cpp">
      <Filter>源文件\swift\interface</Filter>
    </ClCompile>
    <ClCompile Include="swift\SimpleValues\Assign.cpp">
      <Filter>源文件\swift\SimpleValues</Filter>
    </ClCompile>
    <ClCompile Include="thrift_server\Shell_types.cpp">
      <Filter>源文件\thrift_server</Filter>
    </ClCompile>
    <ClCompile Include="thrift_server\Shell.cpp">
      <Filter>源文件\thrift_server</Filter>
    </ClCompile>
    <ClCompile Include="thrift_server\Shell_constants.cpp">
      <Filter>源文件\thrift_server</Filter>
    </ClCompile>
    <ClCompile Include="thrift_server\Shell_server.skeleton.cpp">
      <Filter>源文件\thrift_server</Filter>
    </ClCompile>
    <ClCompile Include="thrift_server\thrift\async\TAsyncChannel.cpp">
      <Filter>源文件\thrift_server\thrift\async</Filter>
    </ClCompile>
    <ClCompile Include="thrift_server\thrift\concurrency\StdThreadFactory.cpp">
      <Filter>源文件\thrift_server\thrift\concurrency</Filter>
    </ClCompile>
    <ClCompile Include="thrift_server\thrift\concurrency\ThreadManager.cpp">
      <Filter>源文件\thrift_server\thrift\concurrency</Filter>
    </ClCompile>
    <ClCompile Include="thrift_server\thrift\concurrency\TimerManager.cpp">
      <Filter>源文件\thrift_server\thrift\concurrency</Filter>
    </ClCompile>
    <ClCompile Include="thrift_server\thrift\concurrency\BoostMonitor.cpp">
      <Filter>源文件\thrift_server\thrift\concurrency</Filter>
    </ClCompile>
    <ClCompile Include="thrift_server\thrift\concurrency\BoostMutex.cpp">
      <Filter>源文件\thrift_server\thrift\concurrency</Filter>
    </ClCompile>
    <ClCompile Include="thrift_server\thrift\concurrency\BoostThreadFactory.cpp">
      <Filter>源文件\thrift_server\thrift\concurrency</Filter>
    </ClCompile>
    <ClCompile Include="thrift_server\thrift\processor\PeekProcessor.cpp">
      <Filter>源文件\thrift_server\thrift\processor</Filter>
    </ClCompile>
    <ClCompile Include="thrift_server\thrift\protocol\TJSONProtocol.cpp">
      <Filter>源文件\thrift_server\thrift\protocal</Filter>
    </ClCompile>
    <ClCompile Include="thrift_server\thrift\protocol\TBase64Utils.cpp">
      <Filter>源文件\thrift_server\thrift\protocal</Filter>
    </ClCompile>
    <ClCompile Include="thrift_server\thrift\protocol\TDebugProtocol.cpp">
      <Filter>源文件\thrift_server\thrift\protocal</Filter>
    </ClCompile>
    <ClCompile Include="thrift_server\thrift\protocol\TDenseProtocol.cpp">
      <Filter>源文件\thrift_server\thrift\protocal</Filter>
    </ClCompile>
    <ClCompile Include="thrift_server\thrift\server\TThreadPoolServer.cpp">
      <Filter>源文件\thrift_server\thrift\server</Filter>
    </ClCompile>
    <ClCompile Include="thrift_server\thrift\server\TSimpleServer.cpp">
      <Filter>源文件\thrift_server\thrift\server</Filter>
    </ClCompile>
    <ClCompile Include="thrift_server\thrift\transport\Websocket\base64\base64.cpp">
      <Filter>源文件\thrift_server\thrift\transport\websocket\sha</Filter>
    </ClCompile>
    <ClCompile Include="thrift_server\thrift\transport\Websocket\md5\md5.cpp">
      <Filter>源文件\thrift_server\thrift\transport\websocket\sha</Filter>
    </ClCompile>
    <ClCompile Include="thrift_server\thrift\transport\Websocket\sha1\sha1.cpp">
      <Filter>源文件\thrift_server\thrift\transport\websocket\sha</Filter>
    </ClCompile>
    <ClCompile Include="thrift_server\thrift\transport\Websocket\WebsocketProtocol.cpp">
      <Filter>源文件\thrift_server\thrift\transport\websocket</Filter>
    </ClCompile>
    <ClCompile Include="thrift_server\thrift\transport\Websocket\WebsocketHandshakeMessage.cpp">
      <Filter>源文件\thrift_server\thrift\transport\websocket</Filter>
    </ClCompile>
    <ClCompile Include="thrift_server\thrift\transport\TWebSocketTransport.cpp">
      <Filter>源文件\thrift_server\thrift\transport</Filter>
    </ClCompile>
    <ClCompile Include="thrift_server\thrift\transport\TTransportUtils.cpp">
      <Filter>源文件\thrift_server\thrift\transport</Filter>
    </ClCompile>
    <ClCompile Include="thrift_server\thrift\transport\TTransportException.cpp">
      <Filter>源文件\thrift_server\thrift\transport</Filter>
    </ClCompile>
    <ClCompile Include="thrift_server\thrift\transport\TSocket.cpp">
      <Filter>源文件\thrift_server\thrift\transport</Filter>
    </ClCompile>
    <ClCompile Include="thrift_server\thrift\transport\TSimpleFileTransport.cpp">
      <Filter>源文件\thrift_server\thrift\transport</Filter>
    </ClCompile>
    <ClCompile Include="thrift_server\thrift\transport\TServerSocket.cpp">
      <Filter>源文件\thrift_server\thrift\transport</Filter>
    </ClCompile>
    <ClCompile Include="thrift_server\thrift\transport\THttpTransport.cpp">
      <Filter>源文件\thrift_server\thrift\transport</Filter>
    </ClCompile>
    <ClCompile Include="thrift_server\thrift\transport\THttpServer.cpp">
      <Filter>源文件\thrift_server\thrift\transport</Filter>
    </ClCompile>
    <ClCompile Include="thrift_server\thrift\transport\THttpClient.cpp">
      <Filter>源文件\thrift_server\thrift\transport</Filter>
    </ClCompile>
    <ClCompile Include="thrift_server\thrift\transport\TFileTransport.cpp">
      <Filter>源文件\thrift_server\thrift\transport</Filter>
    </ClCompile>
    <ClCompile Include="thrift_server\thrift\transport\TFDTransport.cpp">
      <Filter>源文件\thrift_server\thrift\transport</Filter>
    </ClCompile>
    <ClCompile Include="thrift_server\thrift\transport\TBufferTransports.cpp">
      <Filter>源文件\thrift_server\thrift\transport</Filter>
    </ClCompile>
    <ClCompile Include="thrift_server\thrift\windows\WinFcntl.cpp">
      <Filter>源文件\thrift_server\thrift\windows</Filter>
    </ClCompile>
    <ClCompile Include="thrift_server\thrift\windows\GetTimeOfDay.cpp">
      <Filter>源文件\thrift_server\thrift\windows</Filter>
    </ClCompile>
    <ClCompile Include="thrift_server\thrift\windows\SocketPair.cpp">
      <Filter>源文件\thrift_server\thrift\windows</Filter>
    </ClCompile>
    <ClCompile Include="thrift_server\thrift\windows\TWinsockSingleton.cpp">
      <Filter>源文件\thrift_server\thrift\windows</Filter>
    </ClCompile>
    <ClCompile Include="thrift_server\thrift\transport\TPipe.cpp">
      <Filter>源文件\thrift_server\thrift\transport</Filter>
    </ClCompile>
    <ClCompile Include="thrift_server\thrift\transport\TPipeServer.cpp">
      <Filter>源文件\thrift_server\thrift\transport</Filter>
    </ClCompile>
    <ClCompile Include="thrift_server\thrift\windows\OverlappedSubmissionThread.cpp">
      <Filter>源文件\thrift_server\thrift\windows</Filter>
    </ClCompile>
    <ClCompile Include="thrift_server\thrift\TApplicationException.cpp">
      <Filter>源文件\thrift_server\thrift</Filter>
    </ClCompile>
    <ClCompile Include="thrift_server\thrift\Thrift.cpp">
      <Filter>源文件\thrift_server\thrift</Filter>
    </ClCompile>
    <ClCompile Include="thrift_server\thrift\concurrency\Util.cpp">
      <Filter>源文件\thrift_server\thrift\concurrency</Filter>
    </ClCompile>
  </ItemGroup>
  <ItemGroup>
    <None Include="thrift_server\thrift\protocol\TBinaryProtocol.tcc">
      <Filter>源文件\thrift_server\thrift\protocal</Filter>
    </None>
  </ItemGroup>
</Project>